
Microsoft Visual Studio Solution File, Format Version 12.00
# Visual Studio Version 16
VisualStudioVersion = 16.0.35026.282
MinimumVisualStudioVersion = 10.0.40219.1
Project("{8BC9CEB8-8B4A-11D0-8D11-00A0C91BC942}") = "Spreadsheet", "Spreadsheet\Spreadsheet.vcxproj", "{3A591934-9FB8-4535-B2F6-FDA16E073178}"
	ProjectSection(ProjectDependencies) = postProject
		{27B9266E-A1B3-44B1-86EC-B428138C6A14} = {27B9266E-A1B3-44B1-86EC-B428138C6A14}
	EndProjectSection
EndProject
Project("{8BC9CEB8-8B4A-11D0-8D11-00A0C91BC942}") = "Grid32", "Grid32\Grid32.vcxproj", "{27B9266E-A1B3-44B1-86EC-B428138C6A14}"
EndProject
Global
	GlobalSection(SolutionConfigurationPlatforms) = preSolution
		Debug|x64 = Debug|x64
		Debug|x86 = Debug|x86
		Release|x64 = Release|x64
		Release|x86 = Release|x86
	EndGlobalSection
	GlobalSection(ProjectConfigurationPlatforms) = postSolution
		{3A591934-9FB8-4535-B2F6-FDA16E073178}.Debug|x64.ActiveCfg = Debug|x64
		{3A591934-9FB8-4535-B2F6-FDA16E073178}.Debug|x64.Build.0 = Debug|x64
		{3A591934-9FB8-4535-B2F6-FDA16E073178}.Debug|x86.ActiveCfg = Debug|Win32
		{3A591934-9FB8-4535-B2F6-FDA16E073178}.Debug|x86.Build.0 = Debug|Win32
		{3A591934-9FB8-4535-B2F6-FDA16E073178}.Release|x64.ActiveCfg = Release|x64
		{3A591934-9FB8-4535-B2F6-FDA16E073178}.Release|x64.Build.0 = Release|x64
		{3A591934-9FB8-4535-B2F6-FDA16E073178}.Release|x86.ActiveCfg = Release|Win32
		{3A591934-9FB8-4535-B2F6-FDA16E073178}.Release|x86.Build.0 = Release|Win32
		{27B9266E-A1B3-44B1-86EC-B428138C6A14}.Debug|x64.ActiveCfg = Debug|x64
		{27B9266E-A1B3-44B1-86EC-B428138C6A14}.Debug|x64.Build.0 = Debug|x64
		{27B9266E-A1B3-44B1-86EC-B428138C6A14}.Debug|x86.ActiveCfg = Debug|Win32
		{27B9266E-A1B3-44B1-86EC-B428138C6A14}.Debug|x86.Build.0 = Debug|Win32
		{27B9266E-A1B3-44B1-86EC-B428138C6A14}.Release|x64.ActiveCfg = Release|x64
		{27B9266E-A1B3-44B1-86EC-B428138C6A14}.Release|x64.Build.0 = Release|x64
		{27B9266E-A1B3-44B1-86EC-B428138C6A14}.Release|x86.ActiveCfg = Release|Win32
		{27B9266E-A1B3-44B1-86EC-B428138C6A14}.Release|x86.Build.0 = Release|Win32
	EndGlobalSection
	GlobalSection(SolutionProperties) = preSolution
		HideSolutionNode = FALSE
	EndGlobalSection
	GlobalSection(ExtensibilityGlobals) = postSolution
		SolutionGuid = {CE087184-20EA-4C17-8086-ED70AB46B24C}
	EndGlobalSection
EndGlobal
